// !$*UTF8*$!
{
	archiveVersion = 1;
	classes = {
	};
	objectVersion = 56;
	objects = {

/* Begin PBXBuildFile section */
		14B528CD2C164BCE0056F53D /* FeedItem.swift in Sources */ = {isa = PBXBuildFile; fileRef = 14B528CC2C164BCE0056F53D /* FeedItem.swift */; };
		14B528CF2C164C3A0056F53D /* FeedLoader.swift in Sources */ = {isa = PBXBuildFile; fileRef = 14B528CE2C164C3A0056F53D /* FeedLoader.swift */; };
		14B528D12C164CD90056F53D /* RemoteFeedLoaderTests.swift in Sources */ = {isa = PBXBuildFile; fileRef = 14B528D02C164CD90056F53D /* RemoteFeedLoaderTests.swift */; };
		14B528D42C196DE50056F53D /* RemoteFeedLoader.swift in Sources */ = {isa = PBXBuildFile; fileRef = 14B528D32C196DE50056F53D /* RemoteFeedLoader.swift */; };
		14B900D32C1262CC009CF7A6 /* AppDelegate.swift in Sources */ = {isa = PBXBuildFile; fileRef = 14B900D22C1262CC009CF7A6 /* AppDelegate.swift */; };
		14B900D52C1262CC009CF7A6 /* SceneDelegate.swift in Sources */ = {isa = PBXBuildFile; fileRef = 14B900D42C1262CC009CF7A6 /* SceneDelegate.swift */; };
		14B900D72C1262CC009CF7A6 /* ViewController.swift in Sources */ = {isa = PBXBuildFile; fileRef = 14B900D62C1262CC009CF7A6 /* ViewController.swift */; };
		14B900DA2C1262CC009CF7A6 /* Base in Resources */ = {isa = PBXBuildFile; fileRef = 14B900D92C1262CC009CF7A6 /* Base */; };
		14B900DC2C1262CD009CF7A6 /* Assets.xcassets in Resources */ = {isa = PBXBuildFile; fileRef = 14B900DB2C1262CD009CF7A6 /* Assets.xcassets */; };
		14B900DF2C1262CD009CF7A6 /* Base in Resources */ = {isa = PBXBuildFile; fileRef = 14B900DE2C1262CD009CF7A6 /* Base */; };
		14B900EA2C1262CD009CF7A6 /* EssentialFeedTests.swift in Sources */ = {isa = PBXBuildFile; fileRef = 14B900E92C1262CD009CF7A6 /* EssentialFeedTests.swift */; };
		14B900F42C1262CD009CF7A6 /* EssentialFeedUITests.swift in Sources */ = {isa = PBXBuildFile; fileRef = 14B900F32C1262CD009CF7A6 /* EssentialFeedUITests.swift */; };
		14B900F62C1262CD009CF7A6 /* EssentialFeedUITestsLaunchTests.swift in Sources */ = {isa = PBXBuildFile; fileRef = 14B900F52C1262CD009CF7A6 /* EssentialFeedUITestsLaunchTests.swift */; };
/* End PBXBuildFile section */

/* Begin PBXContainerItemProxy section */
		14B900E62C1262CD009CF7A6 /* PBXContainerItemProxy */ = {
			isa = PBXContainerItemProxy;
			containerPortal = 14B900C72C1262CC009CF7A6 /* Project object */;
			proxyType = 1;
			remoteGlobalIDString = 14B900CE2C1262CC009CF7A6;
			remoteInfo = EssentialFeed;
		};
		14B900F02C1262CD009CF7A6 /* PBXContainerItemProxy */ = {
			isa = PBXContainerItemProxy;
			containerPortal = 14B900C72C1262CC009CF7A6 /* Project object */;
			proxyType = 1;
			remoteGlobalIDString = 14B900CE2C1262CC009CF7A6;
			remoteInfo = EssentialFeed;
		};
/* End PBXContainerItemProxy section */

/* Begin PBXFileReference section */
		14B528CC2C164BCE0056F53D /* FeedItem.swift */ = {isa = PBXFileReference; lastKnownFileType = sourcecode.swift; path = FeedItem.swift; sourceTree = "<group>"; };
		14B528CE2C164C3A0056F53D /* FeedLoader.swift */ = {isa = PBXFileReference; lastKnownFileType = sourcecode.swift; path = FeedLoader.swift; sourceTree = "<group>"; };
		14B528D02C164CD90056F53D /* RemoteFeedLoaderTests.swift */ = {isa = PBXFileReference; lastKnownFileType = sourcecode.swift; path = RemoteFeedLoaderTests.swift; sourceTree = "<group>"; };
		14B528D32C196DE50056F53D /* RemoteFeedLoader.swift */ = {isa = PBXFileReference; lastKnownFileType = sourcecode.swift; path = RemoteFeedLoader.swift; sourceTree = "<group>"; };
		14B900CF2C1262CC009CF7A6 /* EssentialFeed.app */ = {isa = PBXFileReference; explicitFileType = wrapper.application; includeInIndex = 0; path = EssentialFeed.app; sourceTree = BUILT_PRODUCTS_DIR; };
		14B900D22C1262CC009CF7A6 /* AppDelegate.swift */ = {isa = PBXFileReference; lastKnownFileType = sourcecode.swift; path = AppDelegate.swift; sourceTree = "<group>"; };
		14B900D42C1262CC009CF7A6 /* SceneDelegate.swift */ = {isa = PBXFileReference; lastKnownFileType = sourcecode.swift; path = SceneDelegate.swift; sourceTree = "<group>"; };
		14B900D62C1262CC009CF7A6 /* ViewController.swift */ = {isa = PBXFileReference; lastKnownFileType = sourcecode.swift; path = ViewController.swift; sourceTree = "<group>"; };
		14B900D92C1262CC009CF7A6 /* Base */ = {isa = PBXFileReference; lastKnownFileType = file.storyboard; name = Base; path = Base.lproj/Main.storyboard; sourceTree = "<group>"; };
		14B900DB2C1262CD009CF7A6 /* Assets.xcassets */ = {isa = PBXFileReference; lastKnownFileType = folder.assetcatalog; path = Assets.xcassets; sourceTree = "<group>"; };
		14B900DE2C1262CD009CF7A6 /* Base */ = {isa = PBXFileReference; lastKnownFileType = file.storyboard; name = Base; path = Base.lproj/LaunchScreen.storyboard; sourceTree = "<group>"; };
		14B900E02C1262CD009CF7A6 /* Info.plist */ = {isa = PBXFileReference; lastKnownFileType = text.plist.xml; path = Info.plist; sourceTree = "<group>"; };
		14B900E52C1262CD009CF7A6 /* EssentialFeedTests.xctest */ = {isa = PBXFileReference; explicitFileType = wrapper.cfbundle; includeInIndex = 0; path = EssentialFeedTests.xctest; sourceTree = BUILT_PRODUCTS_DIR; };
		14B900E92C1262CD009CF7A6 /* EssentialFeedTests.swift */ = {isa = PBXFileReference; lastKnownFileType = sourcecode.swift; path = EssentialFeedTests.swift; sourceTree = "<group>"; };
		14B900EF2C1262CD009CF7A6 /* EssentialFeedUITests.xctest */ = {isa = PBXFileReference; explicitFileType = wrapper.cfbundle; includeInIndex = 0; path = EssentialFeedUITests.xctest; sourceTree = BUILT_PRODUCTS_DIR; };
		14B900F32C1262CD009CF7A6 /* EssentialFeedUITests.swift */ = {isa = PBXFileReference; lastKnownFileType = sourcecode.swift; path = EssentialFeedUITests.swift; sourceTree = "<group>"; };
		14B900F52C1262CD009CF7A6 /* EssentialFeedUITestsLaunchTests.swift */ = {isa = PBXFileReference; lastKnownFileType = sourcecode.swift; path = EssentialFeedUITestsLaunchTests.swift; sourceTree = "<group>"; };
/* End PBXFileReference section */

/* Begin PBXFrameworksBuildPhase section */
		14B900CC2C1262CC009CF7A6 /* Frameworks */ = {
			isa = PBXFrameworksBuildPhase;
			buildActionMask = 2147483647;
			files = (
			);
			runOnlyForDeploymentPostprocessing = 0;
		};
		14B900E22C1262CD009CF7A6 /* Frameworks */ = {
			isa = PBXFrameworksBuildPhase;
			buildActionMask = 2147483647;
			files = (
			);
			runOnlyForDeploymentPostprocessing = 0;
		};
		14B900EC2C1262CD009CF7A6 /* Frameworks */ = {
			isa = PBXFrameworksBuildPhase;
			buildActionMask = 2147483647;
			files = (
			);
			runOnlyForDeploymentPostprocessing = 0;
		};
/* End PBXFrameworksBuildPhase section */

/* Begin PBXGroup section */
		14B528CB2C164BBE0056F53D /* Feed Feature */ = {
			isa = PBXGroup;
			children = (
				14B528CC2C164BCE0056F53D /* FeedItem.swift */,
				14B528CE2C164C3A0056F53D /* FeedLoader.swift */,
			);
			path = "Feed Feature";
			sourceTree = "<group>";
		};
		14B528D22C196DC70056F53D /* Feed API */ = {
			isa = PBXGroup;
			children = (
				14B528D32C196DE50056F53D /* RemoteFeedLoader.swift */,
			);
			path = "Feed API";
			sourceTree = "<group>";
		};
		14B900C62C1262CC009CF7A6 = {
			isa = PBXGroup;
			children = (
				14B900D12C1262CC009CF7A6 /* EssentialFeed */,
				14B900E82C1262CD009CF7A6 /* EssentialFeedTests */,
				14B900F22C1262CD009CF7A6 /* EssentialFeedUITests */,
				14B900D02C1262CC009CF7A6 /* Products */,
			);
			sourceTree = "<group>";
		};
		14B900D02C1262CC009CF7A6 /* Products */ = {
			isa = PBXGroup;
			children = (
				14B900CF2C1262CC009CF7A6 /* EssentialFeed.app */,
				14B900E52C1262CD009CF7A6 /* EssentialFeedTests.xctest */,
				14B900EF2C1262CD009CF7A6 /* EssentialFeedUITests.xctest */,
			);
			name = Products;
			sourceTree = "<group>";
		};
		14B900D12C1262CC009CF7A6 /* EssentialFeed */ = {
			isa = PBXGroup;
			children = (
				14B528D22C196DC70056F53D /* Feed API */,
				14B528CB2C164BBE0056F53D /* Feed Feature */,
				14B900D22C1262CC009CF7A6 /* AppDelegate.swift */,
				14B900D42C1262CC009CF7A6 /* SceneDelegate.swift */,
				14B900D62C1262CC009CF7A6 /* ViewController.swift */,
				14B900D82C1262CC009CF7A6 /* Main.storyboard */,
				14B900DB2C1262CD009CF7A6 /* Assets.xcassets */,
				14B900DD2C1262CD009CF7A6 /* LaunchScreen.storyboard */,
				14B900E02C1262CD009CF7A6 /* Info.plist */,
			);
			path = EssentialFeed;
			sourceTree = "<group>";
		};
		14B900E82C1262CD009CF7A6 /* EssentialFeedTests */ = {
			isa = PBXGroup;
			children = (
				14B900E92C1262CD009CF7A6 /* EssentialFeedTests.swift */,
				14B528D02C164CD90056F53D /* RemoteFeedLoaderTests.swift */,
			);
			path = EssentialFeedTests;
			sourceTree = "<group>";
		};
		14B900F22C1262CD009CF7A6 /* EssentialFeedUITests */ = {
			isa = PBXGroup;
			children = (
				14B900F32C1262CD009CF7A6 /* EssentialFeedUITests.swift */,
				14B900F52C1262CD009CF7A6 /* EssentialFeedUITestsLaunchTests.swift */,
			);
			path = EssentialFeedUITests;
			sourceTree = "<group>";
		};
/* End PBXGroup section */

/* Begin PBXNativeTarget section */
		14B900CE2C1262CC009CF7A6 /* EssentialFeed */ = {
			isa = PBXNativeTarget;
			buildConfigurationList = 14B900F92C1262CD009CF7A6 /* Build configuration list for PBXNativeTarget "EssentialFeed" */;
			buildPhases = (
				14B900CB2C1262CC009CF7A6 /* Sources */,
				14B900CC2C1262CC009CF7A6 /* Frameworks */,
				14B900CD2C1262CC009CF7A6 /* Resources */,
			);
			buildRules = (
			);
			dependencies = (
			);
			name = EssentialFeed;
			productName = EssentialFeed;
			productReference = 14B900CF2C1262CC009CF7A6 /* EssentialFeed.app */;
			productType = "com.apple.product-type.application";
		};
		14B900E42C1262CD009CF7A6 /* EssentialFeedTests */ = {
			isa = PBXNativeTarget;
			buildConfigurationList = 14B900FC2C1262CD009CF7A6 /* Build configuration list for PBXNativeTarget "EssentialFeedTests" */;
			buildPhases = (
				14B900E12C1262CD009CF7A6 /* Sources */,
				14B900E22C1262CD009CF7A6 /* Frameworks */,
				14B900E32C1262CD009CF7A6 /* Resources */,
			);
			buildRules = (
			);
			dependencies = (
				14B900E72C1262CD009CF7A6 /* PBXTargetDependency */,
			);
			name = EssentialFeedTests;
			productName = EssentialFeedTests;
			productReference = 14B900E52C1262CD009CF7A6 /* EssentialFeedTests.xctest */;
			productType = "com.apple.product-type.bundle.unit-test";
		};
		14B900EE2C1262CD009CF7A6 /* EssentialFeedUITests */ = {
			isa = PBXNativeTarget;
			buildConfigurationList = 14B900FF2C1262CD009CF7A6 /* Build configuration list for PBXNativeTarget "EssentialFeedUITests" */;
			buildPhases = (
				14B900EB2C1262CD009CF7A6 /* Sources */,
				14B900EC2C1262CD009CF7A6 /* Frameworks */,
				14B900ED2C1262CD009CF7A6 /* Resources */,
			);
			buildRules = (
			);
			dependencies = (
				14B900F12C1262CD009CF7A6 /* PBXTargetDependency */,
			);
			name = EssentialFeedUITests;
			productName = EssentialFeedUITests;
			productReference = 14B900EF2C1262CD009CF7A6 /* EssentialFeedUITests.xctest */;
			productType = "com.apple.product-type.bundle.ui-testing";
		};
/* End PBXNativeTarget section */

/* Begin PBXProject section */
		14B900C72C1262CC009CF7A6 /* Project object */ = {
			isa = PBXProject;
			attributes = {
				BuildIndependentTargetsInParallel = 1;
				LastSwiftUpdateCheck = 1540;
				LastUpgradeCheck = 1540;
				TargetAttributes = {
					14B900CE2C1262CC009CF7A6 = {
						CreatedOnToolsVersion = 15.4;
					};
					14B900E42C1262CD009CF7A6 = {
						CreatedOnToolsVersion = 15.4;
						TestTargetID = 14B900CE2C1262CC009CF7A6;
					};
					14B900EE2C1262CD009CF7A6 = {
						CreatedOnToolsVersion = 15.4;
						TestTargetID = 14B900CE2C1262CC009CF7A6;
					};
				};
			};
			buildConfigurationList = 14B900CA2C1262CC009CF7A6 /* Build configuration list for PBXProject "EssentialFeed" */;
			compatibilityVersion = "Xcode 14.0";
			developmentRegion = en;
			hasScannedForEncodings = 0;
			knownRegions = (
				en,
				Base,
			);
			mainGroup = 14B900C62C1262CC009CF7A6;
			productRefGroup = 14B900D02C1262CC009CF7A6 /* Products */;
			projectDirPath = "";
			projectRoot = "";
			targets = (
				14B900CE2C1262CC009CF7A6 /* EssentialFeed */,
				14B900E42C1262CD009CF7A6 /* EssentialFeedTests */,
				14B900EE2C1262CD009CF7A6 /* EssentialFeedUITests */,
			);
		};
/* End PBXProject section */

/* Begin PBXResourcesBuildPhase section */
		14B900CD2C1262CC009CF7A6 /* Resources */ = {
			isa = PBXResourcesBuildPhase;
			buildActionMask = 2147483647;
			files = (
				14B900DC2C1262CD009CF7A6 /* Assets.xcassets in Resources */,
				14B900DF2C1262CD009CF7A6 /* Base in Resources */,
				14B900DA2C1262CC009CF7A6 /* Base in Resources */,
			);
			runOnlyForDeploymentPostprocessing = 0;
		};
		14B900E32C1262CD009CF7A6 /* Resources */ = {
			isa = PBXResourcesBuildPhase;
			buildActionMask = 2147483647;
			files = (
			);
			runOnlyForDeploymentPostprocessing = 0;
		};
		14B900ED2C1262CD009CF7A6 /* Resources */ = {
			isa = PBXResourcesBuildPhase;
			buildActionMask = 2147483647;
			files = (
			);
			runOnlyForDeploymentPostprocessing = 0;
		};
/* End PBXResourcesBuildPhase section */

/* Begin PBXSourcesBuildPhase section */
		14B900CB2C1262CC009CF7A6 /* Sources */ = {
			isa = PBXSourcesBuildPhase;
			buildActionMask = 2147483647;
			files = (
				14B528CD2C164BCE0056F53D /* FeedItem.swift in Sources */,
				14B900D72C1262CC009CF7A6 /* ViewController.swift in Sources */,
				14B900D32C1262CC009CF7A6 /* AppDelegate.swift in Sources */,
				14B528CF2C164C3A0056F53D /* FeedLoader.swift in Sources */,
				14B528D42C196DE50056F53D /* RemoteFeedLoader.swift in Sources */,
				14B900D52C1262CC009CF7A6 /* SceneDelegate.swift in Sources */,
			);
			runOnlyForDeploymentPostprocessing = 0;
		};
		14B900E12C1262CD009CF7A6 /* Sources */ = {
			isa = PBXSourcesBuildPhase;
			buildActionMask = 2147483647;
			files = (
				14B528D12C164CD90056F53D /* RemoteFeedLoaderTests.swift in Sources */,
				14B900EA2C1262CD009CF7A6 /* EssentialFeedTests.swift in Sources */,
			);
			runOnlyForDeploymentPostprocessing = 0;
		};
		14B900EB2C1262CD009CF7A6 /* Sources */ = {
			isa = PBXSourcesBuildPhase;
			buildActionMask = 2147483647;
			files = (
				14B900F42C1262CD009CF7A6 /* EssentialFeedUITests.swift in Sources */,
				14B900F62C1262CD009CF7A6 /* EssentialFeedUITestsLaunchTests.swift in Sources */,
			);
			runOnlyForDeploymentPostprocessing = 0;
		};
/* End PBXSourcesBuildPhase section */

/* Begin PBXTargetDependency section */
		14B900E72C1262CD009CF7A6 /* PBXTargetDependency */ = {
			isa = PBXTargetDependency;
			target = 14B900CE2C1262CC009CF7A6 /* EssentialFeed */;
			targetProxy = 14B900E62C1262CD009CF7A6 /* PBXContainerItemProxy */;
		};
		14B900F12C1262CD009CF7A6 /* PBXTargetDependency */ = {
			isa = PBXTargetDependency;
			target = 14B900CE2C1262CC009CF7A6 /* EssentialFeed */;
			targetProxy = 14B900F02C1262CD009CF7A6 /* PBXContainerItemProxy */;
		};
/* End PBXTargetDependency section */

/* Begin PBXVariantGroup section */
		14B900D82C1262CC009CF7A6 /* Main.storyboard */ = {
			isa = PBXVariantGroup;
			children = (
				14B900D92C1262CC009CF7A6 /* Base */,
			);
			name = Main.storyboard;
			sourceTree = "<group>";
		};
		14B900DD2C1262CD009CF7A6 /* LaunchScreen.storyboard */ = {
			isa = PBXVariantGroup;
			children = (
				14B900DE2C1262CD009CF7A6 /* Base */,
			);
			name = LaunchScreen.storyboard;
			sourceTree = "<group>";
		};
/* End PBXVariantGroup section */

/* Begin XCBuildConfiguration section */
		14B900F72C1262CD009CF7A6 /* Debug */ = {
			isa = XCBuildConfiguration;
			buildSettings = {
				ALWAYS_SEARCH_USER_PATHS = NO;
				ASSETCATALOG_COMPILER_GENERATE_SWIFT_ASSET_SYMBOL_EXTENSIONS = YES;
				CLANG_ANALYZER_NONNULL = YES;
				CLANG_ANALYZER_NUMBER_OBJECT_CONVERSION = YES_AGGRESSIVE;
				CLANG_CXX_LANGUAGE_STANDARD = "gnu++20";
				CLANG_ENABLE_MODULES = YES;
				CLANG_ENABLE_OBJC_ARC = YES;
				CLANG_ENABLE_OBJC_WEAK = YES;
				CLANG_WARN_BLOCK_CAPTURE_AUTORELEASING = YES;
				CLANG_WARN_BOOL_CONVERSION = YES;
				CLANG_WARN_COMMA = YES;
				CLANG_WARN_CONSTANT_CONVERSION = YES;
				CLANG_WARN_DEPRECATED_OBJC_IMPLEMENTATIONS = YES;
				CLANG_WARN_DIRECT_OBJC_ISA_USAGE = YES_ERROR;
				CLANG_WARN_DOCUMENTATION_COMMENTS = YES;
				CLANG_WARN_EMPTY_BODY = YES;
				CLANG_WARN_ENUM_CONVERSION = YES;
				CLANG_WARN_INFINITE_RECURSION = YES;
				CLANG_WARN_INT_CONVERSION = YES;
				CLANG_WARN_NON_LITERAL_NULL_CONVERSION = YES;
				CLANG_WARN_OBJC_IMPLICIT_RETAIN_SELF = YES;
				CLANG_WARN_OBJC_LITERAL_CONVERSION = YES;
				CLANG_WARN_OBJC_ROOT_CLASS = YES_ERROR;
				CLANG_WARN_QUOTED_INCLUDE_IN_FRAMEWORK_HEADER = YES;
				CLANG_WARN_RANGE_LOOP_ANALYSIS = YES;
				CLANG_WARN_STRICT_PROTOTYPES = YES;
				CLANG_WARN_SUSPICIOUS_MOVE = YES;
				CLANG_WARN_UNGUARDED_AVAILABILITY = YES_AGGRESSIVE;
				CLANG_WARN_UNREACHABLE_CODE = YES;
				CLANG_WARN__DUPLICATE_METHOD_MATCH = YES;
				COPY_PHASE_STRIP = NO;
				DEBUG_INFORMATION_FORMAT = dwarf;
				ENABLE_STRICT_OBJC_MSGSEND = YES;
				ENABLE_TESTABILITY = YES;
				ENABLE_USER_SCRIPT_SANDBOXING = YES;
				GCC_C_LANGUAGE_STANDARD = gnu17;
				GCC_DYNAMIC_NO_PIC = NO;
				GCC_NO_COMMON_BLOCKS = YES;
				GCC_OPTIMIZATION_LEVEL = 0;
				GCC_PREPROCESSOR_DEFINITIONS = (
					"DEBUG=1",
					"$(inherited)",
				);
				GCC_WARN_64_TO_32_BIT_CONVERSION = YES;
				GCC_WARN_ABOUT_RETURN_TYPE = YES_ERROR;
				GCC_WARN_UNDECLARED_SELECTOR = YES;
				GCC_WARN_UNINITIALIZED_AUTOS = YES_AGGRESSIVE;
				GCC_WARN_UNUSED_FUNCTION = YES;
				GCC_WARN_UNUSED_VARIABLE = YES;
				IPHONEOS_DEPLOYMENT_TARGET = 17.5;
				LOCALIZATION_PREFERS_STRING_CATALOGS = YES;
				MTL_ENABLE_DEBUG_INFO = INCLUDE_SOURCE;
				MTL_FAST_MATH = YES;
				ONLY_ACTIVE_ARCH = YES;
				SDKROOT = iphoneos;
				SWIFT_ACTIVE_COMPILATION_CONDITIONS = "DEBUG $(inherited)";
				SWIFT_OPTIMIZATION_LEVEL = "-Onone";
			};
			name = Debug;
		};
		14B900F82C1262CD009CF7A6 /* Release */ = {
			isa = XCBuildConfiguration;
			buildSettings = {
				ALWAYS_SEARCH_USER_PATHS = NO;
				ASSETCATALOG_COMPILER_GENERATE_SWIFT_ASSET_SYMBOL_EXTENSIONS = YES;
				CLANG_ANALYZER_NONNULL = YES;
				CLANG_ANALYZER_NUMBER_OBJECT_CONVERSION = YES_AGGRESSIVE;
				CLANG_CXX_LANGUAGE_STANDARD = "gnu++20";
				CLANG_ENABLE_MODULES = YES;
				CLANG_ENABLE_OBJC_ARC = YES;
				CLANG_ENABLE_OBJC_WEAK = YES;
				CLANG_WARN_BLOCK_CAPTURE_AUTORELEASING = YES;
				CLANG_WARN_BOOL_CONVERSION = YES;
				CLANG_WARN_COMMA = YES;
				CLANG_WARN_CONSTANT_CONVERSION = YES;
				CLANG_WARN_DEPRECATED_OBJC_IMPLEMENTATIONS = YES;
				CLANG_WARN_DIRECT_OBJC_ISA_USAGE = YES_ERROR;
				CLANG_WARN_DOCUMENTATION_COMMENTS = YES;
				CLANG_WARN_EMPTY_BODY = YES;
				CLANG_WARN_ENUM_CONVERSION = YES;
				CLANG_WARN_INFINITE_RECURSION = YES;
				CLANG_WARN_INT_CONVERSION = YES;
				CLANG_WARN_NON_LITERAL_NULL_CONVERSION = YES;
				CLANG_WARN_OBJC_IMPLICIT_RETAIN_SELF = YES;
				CLANG_WARN_OBJC_LITERAL_CONVERSION = YES;
				CLANG_WARN_OBJC_ROOT_CLASS = YES_ERROR;
				CLANG_WARN_QUOTED_INCLUDE_IN_FRAMEWORK_HEADER = YES;
				CLANG_WARN_RANGE_LOOP_ANALYSIS = YES;
				CLANG_WARN_STRICT_PROTOTYPES = YES;
				CLANG_WARN_SUSPICIOUS_MOVE = YES;
				CLANG_WARN_UNGUARDED_AVAILABILITY = YES_AGGRESSIVE;
				CLANG_WARN_UNREACHABLE_CODE = YES;
				CLANG_WARN__DUPLICATE_METHOD_MATCH = YES;
				COPY_PHASE_STRIP = NO;
				DEBUG_INFORMATION_FORMAT = "dwarf-with-dsym";
				ENABLE_NS_ASSERTIONS = NO;
				ENABLE_STRICT_OBJC_MSGSEND = YES;
				ENABLE_USER_SCRIPT_SANDBOXING = YES;
				GCC_C_LANGUAGE_STANDARD = gnu17;
				GCC_NO_COMMON_BLOCKS = YES;
				GCC_WARN_64_TO_32_BIT_CONVERSION = YES;
				GCC_WARN_ABOUT_RETURN_TYPE = YES_ERROR;
				GCC_WARN_UNDECLARED_SELECTOR = YES;
				GCC_WARN_UNINITIALIZED_AUTOS = YES_AGGRESSIVE;
				GCC_WARN_UNUSED_FUNCTION = YES;
				GCC_WARN_UNUSED_VARIABLE = YES;
				IPHONEOS_DEPLOYMENT_TARGET = 17.5;
				LOCALIZATION_PREFERS_STRING_CATALOGS = YES;
				MTL_ENABLE_DEBUG_INFO = NO;
				MTL_FAST_MATH = YES;
				SDKROOT = iphoneos;
				SWIFT_COMPILATION_MODE = wholemodule;
				VALIDATE_PRODUCT = YES;
			};
			name = Release;
		};
		14B900FA2C1262CD009CF7A6 /* Debug */ = {
			isa = XCBuildConfiguration;
			buildSettings = {
				ASSETCATALOG_COMPILER_APPICON_NAME = AppIcon;
				ASSETCATALOG_COMPILER_GLOBAL_ACCENT_COLOR_NAME = AccentColor;
				CODE_SIGN_STYLE = Automatic;
				CURRENT_PROJECT_VERSION = 1;
				DEVELOPMENT_TEAM = TCES658XLZ;
				GENERATE_INFOPLIST_FILE = YES;
				INFOPLIST_FILE = EssentialFeed/Info.plist;
				INFOPLIST_KEY_UIApplicationSupportsIndirectInputEvents = YES;
				INFOPLIST_KEY_UILaunchStoryboardName = LaunchScreen;
				INFOPLIST_KEY_UIMainStoryboardFile = Main;
				INFOPLIST_KEY_UISupportedInterfaceOrientations_iPad = "UIInterfaceOrientationPortrait UIInterfaceOrientationPortraitUpsideDown UIInterfaceOrientationLandscapeLeft UIInterfaceOrientationLandscapeRight";
				INFOPLIST_KEY_UISupportedInterfaceOrientations_iPhone = "UIInterfaceOrientationPortrait UIInterfaceOrientationLandscapeLeft UIInterfaceOrientationLandscapeRight";
				LD_RUNPATH_SEARCH_PATHS = (
					"$(inherited)",
					"@executable_path/Frameworks",
				);
				MARKETING_VERSION = 1.0;
				PRODUCT_BUNDLE_IDENTIFIER = com.pintadostechnologies.EssentialFeed;
				PRODUCT_NAME = "$(TARGET_NAME)";
				SWIFT_EMIT_LOC_STRINGS = YES;
				SWIFT_VERSION = 5.0;
				TARGETED_DEVICE_FAMILY = "1,2";
			};
			name = Debug;
		};
		14B900FB2C1262CD009CF7A6 /* Release */ = {
			isa = XCBuildConfiguration;
			buildSettings = {
				ASSETCATALOG_COMPILER_APPICON_NAME = AppIcon;
				ASSETCATALOG_COMPILER_GLOBAL_ACCENT_COLOR_NAME = AccentColor;
				CODE_SIGN_STYLE = Automatic;
				CURRENT_PROJECT_VERSION = 1;
				DEVELOPMENT_TEAM = TCES658XLZ;
				GENERATE_INFOPLIST_FILE = YES;
				INFOPLIST_FILE = EssentialFeed/Info.plist;
				INFOPLIST_KEY_UIApplicationSupportsIndirectInputEvents = YES;
				INFOPLIST_KEY_UILaunchStoryboardName = LaunchScreen;
				INFOPLIST_KEY_UIMainStoryboardFile = Main;
				INFOPLIST_KEY_UISupportedInterfaceOrientations_iPad = "UIInterfaceOrientationPortrait UIInterfaceOrientationPortraitUpsideDown UIInterfaceOrientationLandscapeLeft UIInterfaceOrientationLandscapeRight";
				INFOPLIST_KEY_UISupportedInterfaceOrientations_iPhone = "UIInterfaceOrientationPortrait UIInterfaceOrientationLandscapeLeft UIInterfaceOrientationLandscapeRight";
				LD_RUNPATH_SEARCH_PATHS = (
					"$(inherited)",
					"@executable_path/Frameworks",
				);
				MARKETING_VERSION = 1.0;
				PRODUCT_BUNDLE_IDENTIFIER = com.pintadostechnologies.EssentialFeed;
				PRODUCT_NAME = "$(TARGET_NAME)";
				SWIFT_EMIT_LOC_STRINGS = YES;
				SWIFT_VERSION = 5.0;
				TARGETED_DEVICE_FAMILY = "1,2";
			};
			name = Release;
		};
		14B900FD2C1262CD009CF7A6 /* Debug */ = {
			isa = XCBuildConfiguration;
			buildSettings = {
				ALWAYS_EMBED_SWIFT_STANDARD_LIBRARIES = YES;
				BUNDLE_LOADER = "$(TEST_HOST)";
				CODE_SIGN_STYLE = Automatic;
				CURRENT_PROJECT_VERSION = 1;
				DEVELOPMENT_TEAM = TCES658XLZ;
				GENERATE_INFOPLIST_FILE = YES;
				IPHONEOS_DEPLOYMENT_TARGET = 17.5;
				MARKETING_VERSION = 1.0;
				PRODUCT_BUNDLE_IDENTIFIER = com.pintadostechnologies.EssentialFeedTests;
				PRODUCT_NAME = "$(TARGET_NAME)";
				SWIFT_EMIT_LOC_STRINGS = NO;
				SWIFT_VERSION = 5.0;
				TARGETED_DEVICE_FAMILY = "1,2";
				TEST_HOST = "$(BUILT_PRODUCTS_DIR)/EssentialFeed.app/$(BUNDLE_EXECUTABLE_FOLDER_PATH)/EssentialFeed";
			};
			name = Debug;
		};
		14B900FE2C1262CD009CF7A6 /* Release */ = {
			isa = XCBuildConfiguration;
			buildSettings = {
				ALWAYS_EMBED_SWIFT_STANDARD_LIBRARIES = YES;
				BUNDLE_LOADER = "$(TEST_HOST)";
				CODE_SIGN_STYLE = Automatic;
				CURRENT_PROJECT_VERSION = 1;
				DEVELOPMENT_TEAM = TCES658XLZ;
				GENERATE_INFOPLIST_FILE = YES;
				IPHONEOS_DEPLOYMENT_TARGET = 17.5;
				MARKETING_VERSION = 1.0;
				PRODUCT_BUNDLE_IDENTIFIER = com.pintadostechnologies.EssentialFeedTests;
				PRODUCT_NAME = "$(TARGET_NAME)";
				SWIFT_EMIT_LOC_STRINGS = NO;
				SWIFT_VERSION = 5.0;
				TARGETED_DEVICE_FAMILY = "1,2";
				TEST_HOST = "$(BUILT_PRODUCTS_DIR)/EssentialFeed.app/$(BUNDLE_EXECUTABLE_FOLDER_PATH)/EssentialFeed";
			};
			name = Release;
		};
		14B901002C1262CD009CF7A6 /* Debug */ = {
			isa = XCBuildConfiguration;
			buildSettings = {
				ALWAYS_EMBED_SWIFT_STANDARD_LIBRARIES = YES;
				CODE_SIGN_STYLE = Automatic;
				CURRENT_PROJECT_VERSION = 1;
				DEVELOPMENT_TEAM = TCES658XLZ;
				GENERATE_INFOPLIST_FILE = YES;
				MARKETING_VERSION = 1.0;
				PRODUCT_BUNDLE_IDENTIFIER = com.pintadostechnologies.EssentialFeedUITests;
				PRODUCT_NAME = "$(TARGET_NAME)";
				SWIFT_EMIT_LOC_STRINGS = NO;
				SWIFT_VERSION = 5.0;
				TARGETED_DEVICE_FAMILY = "1,2";
				TEST_TARGET_NAME = EssentialFeed;
			};
			name = Debug;
		};
		14B901012C1262CD009CF7A6 /* Release */ = {
			isa = XCBuildConfiguration;
			buildSettings = {
				ALWAYS_EMBED_SWIFT_STANDARD_LIBRARIES = YES;
				CODE_SIGN_STYLE = Automatic;
				CURRENT_PROJECT_VERSION = 1;
				DEVELOPMENT_TEAM = TCES658XLZ;
				GENERATE_INFOPLIST_FILE = YES;
				MARKETING_VERSION = 1.0;
				PRODUCT_BUNDLE_IDENTIFIER = com.pintadostechnologies.EssentialFeedUITests;
				PRODUCT_NAME = "$(TARGET_NAME)";
				SWIFT_EMIT_LOC_STRINGS = NO;
				SWIFT_VERSION = 5.0;
				TARGETED_DEVICE_FAMILY = "1,2";
				TEST_TARGET_NAME = EssentialFeed;
			};
			name = Release;
		};
/* End XCBuildConfiguration section */

/* Begin XCConfigurationList section */
		14B900CA2C1262CC009CF7A6 /* Build configuration list for PBXProject "EssentialFeed" */ = {
			isa = XCConfigurationList;
			buildConfigurations = (
				14B900F72C1262CD009CF7A6 /* Debug */,
				14B900F82C1262CD009CF7A6 /* Release */,
			);
			defaultConfigurationIsVisible = 0;
			defaultConfigurationName = Release;
		};
		14B900F92C1262CD009CF7A6 /* Build configuration list for PBXNativeTarget "EssentialFeed" */ = {
			isa = XCConfigurationList;
			buildConfigurations = (
				14B900FA2C1262CD009CF7A6 /* Debug */,
				14B900FB2C1262CD009CF7A6 /* Release */,
			);
			defaultConfigurationIsVisible = 0;
			defaultConfigurationName = Release;
		};
		14B900FC2C1262CD009CF7A6 /* Build configuration list for PBXNativeTarget "EssentialFeedTests" */ = {
			isa = XCConfigurationList;
			buildConfigurations = (
				14B900FD2C1262CD009CF7A6 /* Debug */,
				14B900FE2C1262CD009CF7A6 /* Release */,
			);
			defaultConfigurationIsVisible = 0;
			defaultConfigurationName = Release;
		};
		14B900FF2C1262CD009CF7A6 /* Build configuration list for PBXNativeTarget "EssentialFeedUITests" */ = {
			isa = XCConfigurationList;
			buildConfigurations = (
				14B901002C1262CD009CF7A6 /* Debug */,
				14B901012C1262CD009CF7A6 /* Release */,
			);
			defaultConfigurationIsVisible = 0;
			defaultConfigurationName = Release;
		};
/* End XCConfigurationList section */
	};
	rootObject = 14B900C72C1262CC009CF7A6 /* Project object */;
}
